{
  "requires": true,
  "lockfileVersion": 1,
  "dependencies": {
    "cos-wx-sdk-v5": {
      "version": "0.7.8",
      "resolved": "https://registry.npmjs.org/cos-wx-sdk-v5/-/cos-wx-sdk-v5-0.7.8.tgz",
      "integrity": "sha512-50Cw6bywaTdwQoD4Ep9st28aB/xGWyigqY98TPO3Sui42Szavt11tOgDrqvyi4m7YbNFRYfhRknExhyrDK3oPg==",
      "requires": {
        "xmldom": "^0.1.27"
      }
    },
    "tim-wx-sdk": {
      "version": "2.2.0",
      "resolved": "https://registry.npmjs.org/tim-wx-sdk/-/tim-wx-sdk-2.2.0.tgz",
      "integrity": "sha512-4qdFnii75CP93RvbEfy9SIFkB9iCp3S7S+9IfSX/zgi8//yFWbrRaqEAUDCQnjJTq8qW//1aOoYwYfecRwVfhw=="
    },
    "xmldom": {
      "version": "0.1.27",
      "resolved": "https://registry.npmjs.org/xmldom/-/xmldom-0.1.27.tgz",
      "integrity": "sha1-1QH5ezvbQDr4757MIFcxh6rawOk="
    }
  }
}
